# THIS IS AN AUTOGENERATED FILE. DO NOT EDIT THIS FILE DIRECTLY.
# yarn lockfile v1


d3-time-format@^2.0.5:
  version "2.0.5"
  resolved "https://registry.yarnpkg.com/d3-time-format/-/d3-time-format-2.0.5.tgz#9d7780204f7c9119c9170b1a56db4de9a8af972e"
  dependencies:
    d3-time "1"

d3-time@1, d3-time@^1.0.7:
  version "1.0.7"
  resolved "https://registry.yarnpkg.com/d3-time/-/d3-time-1.0.7.tgz#94caf6edbb7879bb809d0d1f7572bc48482f7270"

lodash.random@^3.2.0:
  version "3.2.0"
  resolved "https://registry.yarnpkg.com/lodash.random/-/lodash.random-3.2.0.tgz#96e24e763333199130d2c9e2fd57f91703cc262d"

lodash.range@^3.2.0:
  version "3.2.0"
  resolved "https://registry.yarnpkg.com/lodash.range/-/lodash.range-3.2.0.tgz#f461e588f66683f7eadeade513e38a69a565a15d"

lodash.shuffle@^4.2.0:
  version "4.2.0"
  resolved "https://registry.yarnpkg.com/lodash.shuffle/-/lodash.shuffle-4.2.0.tgz#145b5053cf875f6f5c2a33f48b6e9948c6ec7b4b"
