# THIS IS AN AUTOGENERATED FILE. DO NOT EDIT THIS FILE DIRECTLY.
# yarn lockfile v1


"@nivo/core@0.36.0":
  version "0.36.0"
  resolved "https://registry.yarnpkg.com/@nivo/core/-/core-0.36.0.tgz#f111071790aa258bd7a035cf27646caf58a69567"
  dependencies:
    d3-color "^1.0.3"
    d3-format "^1.2.0"
    d3-hierarchy "^1.1.5"
    d3-interpolate "^1.1.5"
    d3-scale "^1.0.6"
    d3-scale-chromatic "^1.1.1"
    d3-shape "^1.2.0"
    lodash "^4.17.4"
    react-measure "^2.0.2"
    react-motion "^0.5.2"
    recompose "^0.26.0"

"@nivo/legends@0.35.2":
  version "0.35.2"
  resolved "https://registry.yarnpkg.com/@nivo/legends/-/legends-0.35.2.tgz#7b7866eb7ca0522cbe6ffd1355813c3ec4eaaf68"
  dependencies:
    lodash "^4.17.4"
    recompose "^0.26.0"

"@types/react@^16.3.16":
  version "16.3.16"
  resolved "https://registry.yarnpkg.com/@types/react/-/react-16.3.16.tgz#78fc44a90b45701f50c8a7008f733680ba51fc86"
  dependencies:
    csstype "^2.2.0"

asap@~2.0.3:
  version "2.0.6"
  resolved "https://registry.yarnpkg.com/asap/-/asap-2.0.6.tgz#e50347611d7e690943208bbdafebcbc2fb866d46"

change-emitter@^0.1.2:
  version "0.1.6"
  resolved "https://registry.yarnpkg.com/change-emitter/-/change-emitter-0.1.6.tgz#e8b2fe3d7f1ab7d69a32199aff91ea6931409515"

core-js@^1.0.0:
  version "1.2.7"
  resolved "https://registry.yarnpkg.com/core-js/-/core-js-1.2.7.tgz#652294c14651db28fa93bd2d5ff2983a4f08c636"

csstype@^2.2.0:
  version "2.5.3"
  resolved "https://registry.yarnpkg.com/csstype/-/csstype-2.5.3.tgz#2504152e6e1cc59b32098b7f5d6a63f16294c1f7"

d3-array@^1.2.0:
  version "1.2.1"
  resolved "https://registry.yarnpkg.com/d3-array/-/d3-array-1.2.1.tgz#d1ca33de2f6ac31efadb8e050a021d7e2396d5dc"

d3-collection@1:
  version "1.0.4"
  resolved "https://registry.yarnpkg.com/d3-collection/-/d3-collection-1.0.4.tgz#342dfd12837c90974f33f1cc0a785aea570dcdc2"

d3-color@1, d3-color@^1.0.3:
  version "1.2.0"
  resolved "https://registry.yarnpkg.com/d3-color/-/d3-color-1.2.0.tgz#d1ea19db5859c86854586276ec892cf93148459a"

d3-format@1, d3-format@^1.2.0:
  version "1.3.0"
  resolved "https://registry.yarnpkg.com/d3-format/-/d3-format-1.3.0.tgz#a3ac44269a2011cdb87c7b5693040c18cddfff11"

d3-hierarchy@^1.1.5:
  version "1.1.6"
  resolved "https://registry.yarnpkg.com/d3-hierarchy/-/d3-hierarchy-1.1.6.tgz#842c1372090f870b7ea013ebae5c0c8d9f56229c"

d3-interpolate@1, d3-interpolate@^1.1.5:
  version "1.2.0"
  resolved "https://registry.yarnpkg.com/d3-interpolate/-/d3-interpolate-1.2.0.tgz#40d81bd8e959ff021c5ea7545bc79b8d22331c41"
  dependencies:
    d3-color "1"

d3-path@1:
  version "1.0.5"
  resolved "https://registry.yarnpkg.com/d3-path/-/d3-path-1.0.5.tgz#241eb1849bd9e9e8021c0d0a799f8a0e8e441764"

d3-scale-chromatic@^1.1.1:
  version "1.3.0"
  resolved "https://registry.yarnpkg.com/d3-scale-chromatic/-/d3-scale-chromatic-1.3.0.tgz#7ee38ffcaa7ad55cfed83a6a668aac5570c653c4"
  dependencies:
    d3-color "1"
    d3-interpolate "1"

d3-scale@^1.0.6:
  version "1.0.7"
  resolved "https://registry.yarnpkg.com/d3-scale/-/d3-scale-1.0.7.tgz#fa90324b3ea8a776422bd0472afab0b252a0945d"
  dependencies:
    d3-array "^1.2.0"
    d3-collection "1"
    d3-color "1"
    d3-format "1"
    d3-interpolate "1"
    d3-time "1"
    d3-time-format "2"

d3-shape@^1.2.0:
  version "1.2.0"
  resolved "https://registry.yarnpkg.com/d3-shape/-/d3-shape-1.2.0.tgz#45d01538f064bafd05ea3d6d2cb748fd8c41f777"
  dependencies:
    d3-path "1"

d3-time-format@2:
  version "2.1.1"
  resolved "https://registry.yarnpkg.com/d3-time-format/-/d3-time-format-2.1.1.tgz#85b7cdfbc9ffca187f14d3c456ffda268081bb31"
  dependencies:
    d3-time "1"

d3-time@1:
  version "1.0.8"
  resolved "https://registry.yarnpkg.com/d3-time/-/d3-time-1.0.8.tgz#dbd2d6007bf416fe67a76d17947b784bffea1e84"

encoding@^0.1.11:
  version "0.1.12"
  resolved "https://registry.yarnpkg.com/encoding/-/encoding-0.1.12.tgz#538b66f3ee62cd1ab51ec323829d1f9480c74beb"
  dependencies:
    iconv-lite "~0.4.13"

fbjs@^0.8.1, fbjs@^0.8.16:
  version "0.8.16"
  resolved "https://registry.yarnpkg.com/fbjs/-/fbjs-0.8.16.tgz#5e67432f550dc41b572bf55847b8aca64e5337db"
  dependencies:
    core-js "^1.0.0"
    isomorphic-fetch "^2.1.1"
    loose-envify "^1.0.0"
    object-assign "^4.1.0"
    promise "^7.1.1"
    setimmediate "^1.0.5"
    ua-parser-js "^0.7.9"

get-node-dimensions@^1.2.0:
  version "1.2.1"
  resolved "https://registry.yarnpkg.com/get-node-dimensions/-/get-node-dimensions-1.2.1.tgz#fb7b4bb57060fb4247dd51c9d690dfbec56b0823"

hoist-non-react-statics@^2.3.1:
  version "2.3.1"
  resolved "https://registry.yarnpkg.com/hoist-non-react-statics/-/hoist-non-react-statics-2.3.1.tgz#343db84c6018c650778898240135a1420ee22ce0"

iconv-lite@~0.4.13:
  version "0.4.19"
  resolved "https://registry.yarnpkg.com/iconv-lite/-/iconv-lite-0.4.19.tgz#f7468f60135f5e5dad3399c0a81be9a1603a082b"

is-stream@^1.0.1:
  version "1.1.0"
  resolved "https://registry.yarnpkg.com/is-stream/-/is-stream-1.1.0.tgz#12d4a3dd4e68e0b79ceb8dbc84173ae80d91ca44"

isomorphic-fetch@^2.1.1:
  version "2.2.1"
  resolved "https://registry.yarnpkg.com/isomorphic-fetch/-/isomorphic-fetch-2.2.1.tgz#611ae1acf14f5e81f729507472819fe9733558a9"
  dependencies:
    node-fetch "^1.0.1"
    whatwg-fetch ">=0.10.0"

js-tokens@^3.0.0:
  version "3.0.2"
  resolved "https://registry.yarnpkg.com/js-tokens/-/js-tokens-3.0.2.tgz#9866df395102130e38f7f996bceb65443209c25b"

lodash@^4.17.4:
  version "4.17.10"
  resolved "https://registry.yarnpkg.com/lodash/-/lodash-4.17.10.tgz#1b7793cf7259ea38fb3661d4d38b3260af8ae4e7"

loose-envify@^1.0.0, loose-envify@^1.3.1:
  version "1.3.1"
  resolved "https://registry.yarnpkg.com/loose-envify/-/loose-envify-1.3.1.tgz#d1a8ad33fa9ce0e713d65fdd0ac8b748d478c848"
  dependencies:
    js-tokens "^3.0.0"

node-fetch@^1.0.1:
  version "1.7.3"
  resolved "https://registry.yarnpkg.com/node-fetch/-/node-fetch-1.7.3.tgz#980f6f72d85211a5347c6b2bc18c5b84c3eb47ef"
  dependencies:
    encoding "^0.1.11"
    is-stream "^1.0.1"

object-assign@^4.1.0, object-assign@^4.1.1:
  version "4.1.1"
  resolved "https://registry.yarnpkg.com/object-assign/-/object-assign-4.1.1.tgz#2109adc7965887cfc05cbbd442cac8bfbb360863"

performance-now@^0.2.0:
  version "0.2.0"
  resolved "https://registry.yarnpkg.com/performance-now/-/performance-now-0.2.0.tgz#33ef30c5c77d4ea21c5a53869d91b56d8f2555e5"

performance-now@^2.1.0:
  version "2.1.0"
  resolved "https://registry.yarnpkg.com/performance-now/-/performance-now-2.1.0.tgz#6309f4e0e5fa913ec1c69307ae364b4b377c9e7b"

promise@^7.1.1:
  version "7.3.1"
  resolved "https://registry.yarnpkg.com/promise/-/promise-7.3.1.tgz#064b72602b18f90f29192b8b1bc418ffd1ebd3bf"
  dependencies:
    asap "~2.0.3"

prop-types@^15.5.10:
  version "15.6.1"
  resolved "https://registry.yarnpkg.com/prop-types/-/prop-types-15.6.1.tgz#36644453564255ddda391191fb3a125cbdf654ca"
  dependencies:
    fbjs "^0.8.16"
    loose-envify "^1.3.1"
    object-assign "^4.1.1"

prop-types@^15.5.8:
  version "15.6.0"
  resolved "https://registry.yarnpkg.com/prop-types/-/prop-types-15.6.0.tgz#ceaf083022fc46b4a35f69e13ef75aed0d639856"
  dependencies:
    fbjs "^0.8.16"
    loose-envify "^1.3.1"
    object-assign "^4.1.1"

raf@^3.1.0:
  version "3.4.0"
  resolved "https://registry.yarnpkg.com/raf/-/raf-3.4.0.tgz#a28876881b4bc2ca9117d4138163ddb80f781575"
  dependencies:
    performance-now "^2.1.0"

react-measure@^2.0.2:
  version "2.0.2"
  resolved "https://registry.yarnpkg.com/react-measure/-/react-measure-2.0.2.tgz#072a9a5fafc01dfbadc1fa5fb09fc351037f636c"
  dependencies:
    get-node-dimensions "^1.2.0"
    prop-types "^15.5.10"
    resize-observer-polyfill "^1.4.2"

react-motion@^0.5.2:
  version "0.5.2"
  resolved "https://registry.yarnpkg.com/react-motion/-/react-motion-0.5.2.tgz#0dd3a69e411316567927917c6626551ba0607316"
  dependencies:
    performance-now "^0.2.0"
    prop-types "^15.5.8"
    raf "^3.1.0"

recompose@^0.26.0:
  version "0.26.0"
  resolved "https://registry.yarnpkg.com/recompose/-/recompose-0.26.0.tgz#9babff039cb72ba5bd17366d55d7232fbdfb2d30"
  dependencies:
    change-emitter "^0.1.2"
    fbjs "^0.8.1"
    hoist-non-react-statics "^2.3.1"
    symbol-observable "^1.0.4"

resize-observer-polyfill@^1.4.2:
  version "1.5.0"
  resolved "https://registry.yarnpkg.com/resize-observer-polyfill/-/resize-observer-polyfill-1.5.0.tgz#660ff1d9712a2382baa2cad450a4716209f9ca69"

setimmediate@^1.0.5:
  version "1.0.5"
  resolved "https://registry.yarnpkg.com/setimmediate/-/setimmediate-1.0.5.tgz#290cbb232e306942d7d7ea9b83732ab7856f8285"

symbol-observable@^1.0.4:
  version "1.1.0"
  resolved "https://registry.yarnpkg.com/symbol-observable/-/symbol-observable-1.1.0.tgz#5c68fd8d54115d9dfb72a84720549222e8db9b32"

ua-parser-js@^0.7.9:
  version "0.7.17"
  resolved "https://registry.yarnpkg.com/ua-parser-js/-/ua-parser-js-0.7.17.tgz#e9ec5f9498b9ec910e7ae3ac626a805c4d09ecac"

whatwg-fetch@>=0.10.0:
  version "2.0.3"
  resolved "https://registry.yarnpkg.com/whatwg-fetch/-/whatwg-fetch-2.0.3.tgz#9c84ec2dcf68187ff00bc64e1274b442176e1c84"
